
Microsoft Visual Studio Solution File, Format Version 12.00
# Visual Studio Version 17
VisualStudioVersion = 17.1.32328.378
MinimumVisualStudioVersion = 10.0.40219.1
Project("{9A19103F-16F7-4668-BE54-9A1E7A4F7556}") = "Viesbutis_IS", "Viesbutis_IS.csproj", "{0B7C0642-EFD3-4A67-91BF-B3A19CB24877}"
EndProject
Global
	GlobalSection(SolutionConfigurationPlatforms) = preSolution
		Debug|Any CPU = Debug|Any CPU
		Release|Any CPU = Release|Any CPU
	EndGlobalSection
	GlobalSection(ProjectConfigurationPlatforms) = postSolution
		{0B7C0642-EFD3-4A67-91BF-B3A19CB24877}.Debug|Any CPU.ActiveCfg = Debug|Any CPU
		{0B7C0642-EFD3-4A67-91BF-B3A19CB24877}.Debug|Any CPU.Build.0 = Debug|Any CPU
		{0B7C0642-EFD3-4A67-91BF-B3A19CB24877}.Release|Any CPU.ActiveCfg = Release|Any CPU
		{0B7C0642-EFD3-4A67-91BF-B3A19CB24877}.Release|Any CPU.Build.0 = Release|Any CPU
	EndGlobalSection
	GlobalSection(SolutionProperties) = preSolution
		HideSolutionNode = FALSE
	EndGlobalSection
	GlobalSection(ExtensibilityGlobals) = postSolution
		SolutionGuid = {DF04F57D-8D98-4EE7-9E38-F05275DBAE13}
	EndGlobalSection
EndGlobal
